// !$*UTF8*$!
{
	archiveVersion = 1;
	classes = {
	};
	objectVersion = 48;
	objects = {

/* Begin PBXBuildFile section */
		48920B251FA299D40097986C /* AppDelegate.swift in Sources */ = {isa = PBXBuildFile; fileRef = 48920B241FA299D40097986C /* AppDelegate.swift */; };
		48920B271FA299D40097986C /* ViewController.swift in Sources */ = {isa = PBXBuildFile; fileRef = 48920B261FA299D40097986C /* ViewController.swift */; };
		48920B2A1FA299D40097986C /* Main.storyboard in Resources */ = {isa = PBXBuildFile; fileRef = 48920B281FA299D40097986C /* Main.storyboard */; };
		48920B2D1FA299D40097986C /* Instagram.xcdatamodeld in Sources */ = {isa = PBXBuildFile; fileRef = 48920B2B1FA299D40097986C /* Instagram.xcdatamodeld */; };
		48920B2F1FA299D40097986C /* Assets.xcassets in Resources */ = {isa = PBXBuildFile; fileRef = 48920B2E1FA299D40097986C /* Assets.xcassets */; };
		48920B321FA299D40097986C /* LaunchScreen.storyboard in Resources */ = {isa = PBXBuildFile; fileRef = 48920B301FA299D40097986C /* LaunchScreen.storyboard */; };
		48920B3D1FA299D40097986C /* InstagramTests.swift in Sources */ = {isa = PBXBuildFile; fileRef = 48920B3C1FA299D40097986C /* InstagramTests.swift */; };
		48920B481FA299D40097986C /* InstagramUITests.swift in Sources */ = {isa = PBXBuildFile; fileRef = 48920B471FA299D40097986C /* InstagramUITests.swift */; };
/* End PBXBuildFile section */

/* Begin PBXContainerItemProxy section */
		48920B391FA299D40097986C /* PBXContainerItemProxy */ = {
			isa = PBXContainerItemProxy;
			containerPortal = 48920B191FA299D40097986C /* Project object */;
			proxyType = 1;
			remoteGlobalIDString = 48920B201FA299D40097986C;
			remoteInfo = Instagram;
		};
		48920B441FA299D40097986C /* PBXContainerItemProxy */ = {
			isa = PBXContainerItemProxy;
			containerPortal = 48920B191FA299D40097986C /* Project object */;
			proxyType = 1;
			remoteGlobalIDString = 48920B201FA299D40097986C;
			remoteInfo = Instagram;
		};
/* End PBXContainerItemProxy section */

/* Begin PBXFileReference section */
		48920B211FA299D40097986C /* Instagram.app */ = {isa = PBXFileReference; explicitFileType = wrapper.application; includeInIndex = 0; path = Instagram.app; sourceTree = BUILT_PRODUCTS_DIR; };
		48920B241FA299D40097986C /* AppDelegate.swift */ = {isa = PBXFileReference; lastKnownFileType = sourcecode.swift; path = AppDelegate.swift; sourceTree = "<group>"; };
		48920B261FA299D40097986C /* ViewController.swift */ = {isa = PBXFileReference; lastKnownFileType = sourcecode.swift; path = ViewController.swift; sourceTree = "<group>"; };
		48920B291FA299D40097986C /* Base */ = {isa = PBXFileReference; lastKnownFileType = file.storyboard; name = Base; path = Base.lproj/Main.storyboard; sourceTree = "<group>"; };
		48920B2C1FA299D40097986C /* Instagram.xcdatamodel */ = {isa = PBXFileReference; lastKnownFileType = wrapper.xcdatamodel; path = Instagram.xcdatamodel; sourceTree = "<group>"; };
		48920B2E1FA299D40097986C /* Assets.xcassets */ = {isa = PBXFileReference; lastKnownFileType = folder.assetcatalog; path = Assets.xcassets; sourceTree = "<group>"; };
		48920B311FA299D40097986C /* Base */ = {isa = PBXFileReference; lastKnownFileType = file.storyboard; name = Base; path = Base.lproj/LaunchScreen.storyboard; sourceTree = "<group>"; };
		48920B331FA299D40097986C /* Info.plist */ = {isa = PBXFileReference; lastKnownFileType = text.plist.xml; path = Info.plist; sourceTree = "<group>"; };
		48920B381FA299D40097986C /* InstagramTests.xctest */ = {isa = PBXFileReference; explicitFileType = wrapper.cfbundle; includeInIndex = 0; path = InstagramTests.xctest; sourceTree = BUILT_PRODUCTS_DIR; };
		48920B3C1FA299D40097986C /* InstagramTests.swift */ = {isa = PBXFileReference; lastKnownFileType = sourcecode.swift; path = InstagramTests.swift; sourceTree = "<group>"; };
		48920B3E1FA299D40097986C /* Info.plist */ = {isa = PBXFileReference; lastKnownFileType = text.plist.xml; path = Info.plist; sourceTree = "<group>"; };
		48920B431FA299D40097986C /* InstagramUITests.xctest */ = {isa = PBXFileReference; explicitFileType = wrapper.cfbundle; includeInIndex = 0; path = InstagramUITests.xctest; sourceTree = BUILT_PRODUCTS_DIR; };
		48920B471FA299D40097986C /* InstagramUITests.swift */ = {isa = PBXFileReference; lastKnownFileType = sourcecode.swift; path = InstagramUITests.swift; sourceTree = "<group>"; };
		48920B491FA299D40097986C /* Info.plist */ = {isa = PBXFileReference; lastKnownFileType = text.plist.xml; path = Info.plist; sourceTree = "<group>"; };
/* End PBXFileReference section */

/* Begin PBXFrameworksBuildPhase section */
		48920B1E1FA299D40097986C /* Frameworks */ = {
			isa = PBXFrameworksBuildPhase;
			buildActionMask = 2147483647;
			files = (
			);
			runOnlyForDeploymentPostprocessing = 0;
		};
		48920B351FA299D40097986C /* Frameworks */ = {
			isa = PBXFrameworksBuildPhase;
			buildActionMask = 2147483647;
			files = (
			);
			runOnlyForDeploymentPostprocessing = 0;
		};
		48920B401FA299D40097986C /* Frameworks */ = {
			isa = PBXFrameworksBuildPhase;
			buildActionMask = 2147483647;
			files = (
			);
			runOnlyForDeploymentPostprocessing = 0;
		};
/* End PBXFrameworksBuildPhase section */

/* Begin PBXGroup section */
		48920B181FA299D40097986C = {
			isa = PBXGroup;
			children = (
				48920B231FA299D40097986C /* Instagram */,
				48920B3B1FA299D40097986C /* InstagramTests */,
				48920B461FA299D40097986C /* InstagramUITests */,
				48920B221FA299D40097986C /* Products */,
			);
			sourceTree = "<group>";
		};
		48920B221FA299D40097986C /* Products */ = {
			isa = PBXGroup;
			children = (
				48920B211FA299D40097986C /* Instagram.app */,
				48920B381FA299D40097986C /* InstagramTests.xctest */,
				48920B431FA299D40097986C /* InstagramUITests.xctest */,
			);
			name = Products;
			sourceTree = "<group>";
		};
		48920B231FA299D40097986C /* Instagram */ = {
			isa = PBXGroup;
			children = (
				48920B241FA299D40097986C /* AppDelegate.swift */,
				48920B261FA299D40097986C /* ViewController.swift */,
				48920B281FA299D40097986C /* Main.storyboard */,
				48920B2E1FA299D40097986C /* Assets.xcassets */,
				48920B301FA299D40097986C /* LaunchScreen.storyboard */,
				48920B331FA299D40097986C /* Info.plist */,
				48920B2B1FA299D40097986C /* Instagram.xcdatamodeld */,
			);
			path = Instagram;
			sourceTree = "<group>";
		};
		48920B3B1FA299D40097986C /* InstagramTests */ = {
			isa = PBXGroup;
			children = (
				48920B3C1FA299D40097986C /* InstagramTests.swift */,
				48920B3E1FA299D40097986C /* Info.plist */,
			);
			path = InstagramTests;
			sourceTree = "<group>";
		};
		48920B461FA299D40097986C /* InstagramUITests */ = {
			isa = PBXGroup;
			children = (
				48920B471FA299D40097986C /* InstagramUITests.swift */,
				48920B491FA299D40097986C /* Info.plist */,
			);
			path = InstagramUITests;
			sourceTree = "<group>";
		};
/* End PBXGroup section */

/* Begin PBXNativeTarget section */
		48920B201FA299D40097986C /* Instagram */ = {
			isa = PBXNativeTarget;
			buildConfigurationList = 48920B4C1FA299D40097986C /* Build configuration list for PBXNativeTarget "Instagram" */;
			buildPhases = (
				48920B1D1FA299D40097986C /* Sources */,
				48920B1E1FA299D40097986C /* Frameworks */,
				48920B1F1FA299D40097986C /* Resources */,
			);
			buildRules = (
			);
			dependencies = (
			);
			name = Instagram;
			productName = Instagram;
			productReference = 48920B211FA299D40097986C /* Instagram.app */;
			productType = "com.apple.product-type.application";
		};
		48920B371FA299D40097986C /* InstagramTests */ = {
			isa = PBXNativeTarget;
			buildConfigurationList = 48920B4F1FA299D40097986C /* Build configuration list for PBXNativeTarget "InstagramTests" */;
			buildPhases = (
				48920B341FA299D40097986C /* Sources */,
				48920B351FA299D40097986C /* Frameworks */,
				48920B361FA299D40097986C /* Resources */,
			);
			buildRules = (
			);
			dependencies = (
				48920B3A1FA299D40097986C /* PBXTargetDependency */,
			);
			name = InstagramTests;
			productName = InstagramTests;
			productReference = 48920B381FA299D40097986C /* InstagramTests.xctest */;
			productType = "com.apple.product-type.bundle.unit-test";
		};
		48920B421FA299D40097986C /* InstagramUITests */ = {
			isa = PBXNativeTarget;
			buildConfigurationList = 48920B521FA299D40097986C /* Build configuration list for PBXNativeTarget "InstagramUITests" */;
			buildPhases = (
				48920B3F1FA299D40097986C /* Sources */,
				48920B401FA299D40097986C /* Frameworks */,
				48920B411FA299D40097986C /* Resources */,
			);
			buildRules = (
			);
			dependencies = (
				48920B451FA299D40097986C /* PBXTargetDependency */,
			);
			name = InstagramUITests;
			productName = InstagramUITests;
			productReference = 48920B431FA299D40097986C /* InstagramUITests.xctest */;
			productType = "com.apple.product-type.bundle.ui-testing";
		};
/* End PBXNativeTarget section */

/* Begin PBXProject section */
		48920B191FA299D40097986C /* Project object */ = {
			isa = PBXProject;
			attributes = {
				LastSwiftUpdateCheck = 0900;
				LastUpgradeCheck = 0900;
				ORGANIZATIONNAME = "tiago turibio";
				TargetAttributes = {
					48920B201FA299D40097986C = {
						CreatedOnToolsVersion = 9.0.1;
						ProvisioningStyle = Automatic;
					};
					48920B371FA299D40097986C = {
						CreatedOnToolsVersion = 9.0.1;
						ProvisioningStyle = Automatic;
						TestTargetID = 48920B201FA299D40097986C;
					};
					48920B421FA299D40097986C = {
						CreatedOnToolsVersion = 9.0.1;
						ProvisioningStyle = Automatic;
						TestTargetID = 48920B201FA299D40097986C;
					};
				};
			};
			buildConfigurationList = 48920B1C1FA299D40097986C /* Build configuration list for PBXProject "Instagram" */;
			compatibilityVersion = "Xcode 8.0";
			developmentRegion = en;
			hasScannedForEncodings = 0;
			knownRegions = (
				en,
				Base,
			);
			mainGroup = 48920B181FA299D40097986C;
			productRefGroup = 48920B221FA299D40097986C /* Products */;
			projectDirPath = "";
			projectRoot = "";
			targets = (
				48920B201FA299D40097986C /* Instagram */,
				48920B371FA299D40097986C /* InstagramTests */,
				48920B421FA299D40097986C /* InstagramUITests */,
			);
		};
/* End PBXProject section */

/* Begin PBXResourcesBuildPhase section */
		48920B1F1FA299D40097986C /* Resources */ = {
			isa = PBXResourcesBuildPhase;
			buildActionMask = 2147483647;
			files = (
				48920B321FA299D40097986C /* LaunchScreen.storyboard in Resources */,
				48920B2F1FA299D40097986C /* Assets.xcassets in Resources */,
				48920B2A1FA299D40097986C /* Main.storyboard in Resources */,
			);
			runOnlyForDeploymentPostprocessing = 0;
		};
		48920B361FA299D40097986C /* Resources */ = {
			isa = PBXResourcesBuildPhase;
			buildActionMask = 2147483647;
			files = (
			);
			runOnlyForDeploymentPostprocessing = 0;
		};
		48920B411FA299D40097986C /* Resources */ = {
			isa = PBXResourcesBuildPhase;
			buildActionMask = 2147483647;
			files = (
			);
			runOnlyForDeploymentPostprocessing = 0;
		};
/* End PBXResourcesBuildPhase section */

/* Begin PBXSourcesBuildPhase section */
		48920B1D1FA299D40097986C /* Sources */ = {
			isa = PBXSourcesBuildPhase;
			buildActionMask = 2147483647;
			files = (
				48920B271FA299D40097986C /* ViewController.swift in Sources */,
				48920B2D1FA299D40097986C /* Instagram.xcdatamodeld in Sources */,
				48920B251FA299D40097986C /* AppDelegate.swift in Sources */,
			);
			runOnlyForDeploymentPostprocessing = 0;
		};
		48920B341FA299D40097986C /* Sources */ = {
			isa = PBXSourcesBuildPhase;
			buildActionMask = 2147483647;
			files = (
				48920B3D1FA299D40097986C /* InstagramTests.swift in Sources */,
			);
			runOnlyForDeploymentPostprocessing = 0;
		};
		48920B3F1FA299D40097986C /* Sources */ = {
			isa = PBXSourcesBuildPhase;
			buildActionMask = 2147483647;
			files = (
				48920B481FA299D40097986C /* InstagramUITests.swift in Sources */,
			);
			runOnlyForDeploymentPostprocessing = 0;
		};
/* End PBXSourcesBuildPhase section */

/* Begin PBXTargetDependency section */
		48920B3A1FA299D40097986C /* PBXTargetDependency */ = {
			isa = PBXTargetDependency;
			target = 48920B201FA299D40097986C /* Instagram */;
			targetProxy = 48920B391FA299D40097986C /* PBXContainerItemProxy */;
		};
		48920B451FA299D40097986C /* PBXTargetDependency */ = {
			isa = PBXTargetDependency;
			target = 48920B201FA299D40097986C /* Instagram */;
			targetProxy = 48920B441FA299D40097986C /* PBXContainerItemProxy */;
		};
/* End PBXTargetDependency section */

/* Begin PBXVariantGroup section */
		48920B281FA299D40097986C /* Main.storyboard */ = {
			isa = PBXVariantGroup;
			children = (
				48920B291FA299D40097986C /* Base */,
			);
			name = Main.storyboard;
			sourceTree = "<group>";
		};
		48920B301FA299D40097986C /* LaunchScreen.storyboard */ = {
			isa = PBXVariantGroup;
			children = (
				48920B311FA299D40097986C /* Base */,
			);
			name = LaunchScreen.storyboard;
			sourceTree = "<group>";
		};
/* End PBXVariantGroup section */

/* Begin XCBuildConfiguration section */
		48920B4A1FA299D40097986C /* Debug */ = {
			isa = XCBuildConfiguration;
			buildSettings = {
				ALWAYS_SEARCH_USER_PATHS = NO;
				CLANG_ANALYZER_NONNULL = YES;
				CLANG_ANALYZER_NUMBER_OBJECT_CONVERSION = YES_AGGRESSIVE;
				CLANG_CXX_LANGUAGE_STANDARD = "gnu++14";
				CLANG_CXX_LIBRARY = "libc++";
				CLANG_ENABLE_MODULES = YES;
				CLANG_ENABLE_OBJC_ARC = YES;
				CLANG_WARN_BLOCK_CAPTURE_AUTORELEASING = YES;
				CLANG_WARN_BOOL_CONVERSION = YES;
				CLANG_WARN_COMMA = YES;
				CLANG_WARN_CONSTANT_CONVERSION = YES;
				CLANG_WARN_DIRECT_OBJC_ISA_USAGE = YES_ERROR;
				CLANG_WARN_DOCUMENTATION_COMMENTS = YES;
				CLANG_WARN_EMPTY_BODY = YES;
				CLANG_WARN_ENUM_CONVERSION = YES;
				CLANG_WARN_INFINITE_RECURSION = YES;
				CLANG_WARN_INT_CONVERSION = YES;
				CLANG_WARN_NON_LITERAL_NULL_CONVERSION = YES;
				CLANG_WARN_OBJC_LITERAL_CONVERSION = YES;
				CLANG_WARN_OBJC_ROOT_CLASS = YES_ERROR;
				CLANG_WARN_RANGE_LOOP_ANALYSIS = YES;
				CLANG_WARN_STRICT_PROTOTYPES = YES;
				CLANG_WARN_SUSPICIOUS_MOVE = YES;
				CLANG_WARN_UNGUARDED_AVAILABILITY = YES_AGGRESSIVE;
				CLANG_WARN_UNREACHABLE_CODE = YES;
				CLANG_WARN__DUPLICATE_METHOD_MATCH = YES;
				CODE_SIGN_IDENTITY = "iPhone Developer";
				COPY_PHASE_STRIP = NO;
				DEBUG_INFORMATION_FORMAT = dwarf;
				ENABLE_STRICT_OBJC_MSGSEND = YES;
				ENABLE_TESTABILITY = YES;
				GCC_C_LANGUAGE_STANDARD = gnu11;
				GCC_DYNAMIC_NO_PIC = NO;
				GCC_NO_COMMON_BLOCKS = YES;
				GCC_OPTIMIZATION_LEVEL = 0;
				GCC_PREPROCESSOR_DEFINITIONS = (
					"DEBUG=1",
					"$(inherited)",
				);
				GCC_WARN_64_TO_32_BIT_CONVERSION = YES;
				GCC_WARN_ABOUT_RETURN_TYPE = YES_ERROR;
				GCC_WARN_UNDECLARED_SELECTOR = YES;
				GCC_WARN_UNINITIALIZED_AUTOS = YES_AGGRESSIVE;
				GCC_WARN_UNUSED_FUNCTION = YES;
				GCC_WARN_UNUSED_VARIABLE = YES;
				IPHONEOS_DEPLOYMENT_TARGET = 11.0;
				MTL_ENABLE_DEBUG_INFO = YES;
				ONLY_ACTIVE_ARCH = YES;
				SDKROOT = iphoneos;
				SWIFT_ACTIVE_COMPILATION_CONDITIONS = DEBUG;
				SWIFT_OPTIMIZATION_LEVEL = "-Onone";
			};
			name = Debug;
		};
		48920B4B1FA299D40097986C /* Release */ = {
			isa = XCBuildConfiguration;
			buildSettings = {
				ALWAYS_SEARCH_USER_PATHS = NO;
				CLANG_ANALYZER_NONNULL = YES;
				CLANG_ANALYZER_NUMBER_OBJECT_CONVERSION = YES_AGGRESSIVE;
				CLANG_CXX_LANGUAGE_STANDARD = "gnu++14";
				CLANG_CXX_LIBRARY = "libc++";
				CLANG_ENABLE_MODULES = YES;
				CLANG_ENABLE_OBJC_ARC = YES;
				CLANG_WARN_BLOCK_CAPTURE_AUTORELEASING = YES;
				CLANG_WARN_BOOL_CONVERSION = YES;
				CLANG_WARN_COMMA = YES;
				CLANG_WARN_CONSTANT_CONVERSION = YES;
				CLANG_WARN_DIRECT_OBJC_ISA_USAGE = YES_ERROR;
				CLANG_WARN_DOCUMENTATION_COMMENTS = YES;
				CLANG_WARN_EMPTY_BODY = YES;
				CLANG_WARN_ENUM_CONVERSION = YES;
				CLANG_WARN_INFINITE_RECURSION = YES;
				CLANG_WARN_INT_CONVERSION = YES;
				CLANG_WARN_NON_LITERAL_NULL_CONVERSION = YES;
				CLANG_WARN_OBJC_LITERAL_CONVERSION = YES;
				CLANG_WARN_OBJC_ROOT_CLASS = YES_ERROR;
				CLANG_WARN_RANGE_LOOP_ANALYSIS = YES;
				CLANG_WARN_STRICT_PROTOTYPES = YES;
				CLANG_WARN_SUSPICIOUS_MOVE = YES;
				CLANG_WARN_UNGUARDED_AVAILABILITY = YES_AGGRESSIVE;
				CLANG_WARN_UNREACHABLE_CODE = YES;
				CLANG_WARN__DUPLICATE_METHOD_MATCH = YES;
				CODE_SIGN_IDENTITY = "iPhone Developer";
				COPY_PHASE_STRIP = NO;
				DEBUG_INFORMATION_FORMAT = "dwarf-with-dsym";
				ENABLE_NS_ASSERTIONS = NO;
				ENABLE_STRICT_OBJC_MSGSEND = YES;
				GCC_C_LANGUAGE_STANDARD = gnu11;
				GCC_NO_COMMON_BLOCKS = YES;
				GCC_WARN_64_TO_32_BIT_CONVERSION = YES;
				GCC_WARN_ABOUT_RETURN_TYPE = YES_ERROR;
				GCC_WARN_UNDECLARED_SELECTOR = YES;
				GCC_WARN_UNINITIALIZED_AUTOS = YES_AGGRESSIVE;
				GCC_WARN_UNUSED_FUNCTION = YES;
				GCC_WARN_UNUSED_VARIABLE = YES;
				IPHONEOS_DEPLOYMENT_TARGET = 11.0;
				MTL_ENABLE_DEBUG_INFO = NO;
				SDKROOT = iphoneos;
				SWIFT_OPTIMIZATION_LEVEL = "-Owholemodule";
				VALIDATE_PRODUCT = YES;
			};
			name = Release;
		};
		48920B4D1FA299D40097986C /* Debug */ = {
			isa = XCBuildConfiguration;
			buildSettings = {
				ASSETCATALOG_COMPILER_APPICON_NAME = AppIcon;
				CODE_SIGN_STYLE = Automatic;
				DEVELOPMENT_TEAM = Q574737C9B;
				INFOPLIST_FILE = Instagram/Info.plist;
				LD_RUNPATH_SEARCH_PATHS = "$(inherited) @executable_path/Frameworks";
				PRODUCT_BUNDLE_IDENTIFIER = com.tgzoom.programs.Instagram;
				PRODUCT_NAME = "$(TARGET_NAME)";
				SWIFT_VERSION = 4.0;
				TARGETED_DEVICE_FAMILY = "1,2";
			};
			name = Debug;
		};
		48920B4E1FA299D40097986C /* Release */ = {
			isa = XCBuildConfiguration;
			buildSettings = {
				ASSETCATALOG_COMPILER_APPICON_NAME = AppIcon;
				CODE_SIGN_STYLE = Automatic;
				DEVELOPMENT_TEAM = Q574737C9B;
				INFOPLIST_FILE = Instagram/Info.plist;
				LD_RUNPATH_SEARCH_PATHS = "$(inherited) @executable_path/Frameworks";
				PRODUCT_BUNDLE_IDENTIFIER = com.tgzoom.programs.Instagram;
				PRODUCT_NAME = "$(TARGET_NAME)";
				SWIFT_VERSION = 4.0;
				TARGETED_DEVICE_FAMILY = "1,2";
			};
			name = Release;
		};
		48920B501FA299D40097986C /* Debug */ = {
			isa = XCBuildConfiguration;
			buildSettings = {
				ALWAYS_EMBED_SWIFT_STANDARD_LIBRARIES = YES;
				BUNDLE_LOADER = "$(TEST_HOST)";
				CODE_SIGN_STYLE = Automatic;
				DEVELOPMENT_TEAM = Q574737C9B;
				INFOPLIST_FILE = InstagramTests/Info.plist;
				LD_RUNPATH_SEARCH_PATHS = "$(inherited) @executable_path/Frameworks @loader_path/Frameworks";
				PRODUCT_BUNDLE_IDENTIFIER = com.tgzoom.programs.InstagramTests;
				PRODUCT_NAME = "$(TARGET_NAME)";
				SWIFT_VERSION = 4.0;
				TARGETED_DEVICE_FAMILY = "1,2";
				TEST_HOST = "$(BUILT_PRODUCTS_DIR)/Instagram.app/Instagram";
			};
			name = Debug;
		};
		48920B511FA299D40097986C /* Release */ = {
			isa = XCBuildConfiguration;
			buildSettings = {
				ALWAYS_EMBED_SWIFT_STANDARD_LIBRARIES = YES;
				BUNDLE_LOADER = "$(TEST_HOST)";
				CODE_SIGN_STYLE = Automatic;
				DEVELOPMENT_TEAM = Q574737C9B;
				INFOPLIST_FILE = InstagramTests/Info.plist;
				LD_RUNPATH_SEARCH_PATHS = "$(inherited) @executable_path/Frameworks @loader_path/Frameworks";
				PRODUCT_BUNDLE_IDENTIFIER = com.tgzoom.programs.InstagramTests;
				PRODUCT_NAME = "$(TARGET_NAME)";
				SWIFT_VERSION = 4.0;
				TARGETED_DEVICE_FAMILY = "1,2";
				TEST_HOST = "$(BUILT_PRODUCTS_DIR)/Instagram.app/Instagram";
			};
			name = Release;
		};
		48920B531FA299D40097986C /* Debug */ = {
			isa = XCBuildConfiguration;
			buildSettings = {
				ALWAYS_EMBED_SWIFT_STANDARD_LIBRARIES = YES;
				CODE_SIGN_STYLE = Automatic;
				DEVELOPMENT_TEAM = Q574737C9B;
				INFOPLIST_FILE = InstagramUITests/Info.plist;
				LD_RUNPATH_SEARCH_PATHS = "$(inherited) @executable_path/Frameworks @loader_path/Frameworks";
				PRODUCT_BUNDLE_IDENTIFIER = com.tgzoom.programs.InstagramUITests;
				PRODUCT_NAME = "$(TARGET_NAME)";
				SWIFT_VERSION = 4.0;
				TARGETED_DEVICE_FAMILY = "1,2";
				TEST_TARGET_NAME = Instagram;
			};
			name = Debug;
		};
		48920B541FA299D40097986C /* Release */ = {
			isa = XCBuildConfiguration;
			buildSettings = {
				ALWAYS_EMBED_SWIFT_STANDARD_LIBRARIES = YES;
				CODE_SIGN_STYLE = Automatic;
				DEVELOPMENT_TEAM = Q574737C9B;
				INFOPLIST_FILE = InstagramUITests/Info.plist;
				LD_RUNPATH_SEARCH_PATHS = "$(inherited) @executable_path/Frameworks @loader_path/Frameworks";
				PRODUCT_BUNDLE_IDENTIFIER = com.tgzoom.programs.InstagramUITests;
				PRODUCT_NAME = "$(TARGET_NAME)";
				SWIFT_VERSION = 4.0;
				TARGETED_DEVICE_FAMILY = "1,2";
				TEST_TARGET_NAME = Instagram;
			};
			name = Release;
		};
/* End XCBuildConfiguration section */

/* Begin XCConfigurationList section */
		48920B1C1FA299D40097986C /* Build configuration list for PBXProject "Instagram" */ = {
			isa = XCConfigurationList;
			buildConfigurations = (
				48920B4A1FA299D40097986C /* Debug */,
				48920B4B1FA299D40097986C /* Release */,
			);
			defaultConfigurationIsVisible = 0;
			defaultConfigurationName = Release;
		};
		48920B4C1FA299D40097986C /* Build configuration list for PBXNativeTarget "Instagram" */ = {
			isa = XCConfigurationList;
			buildConfigurations = (
				48920B4D1FA299D40097986C /* Debug */,
				48920B4E1FA299D40097986C /* Release */,
			);
			defaultConfigurationIsVisible = 0;
			defaultConfigurationName = Release;
		};
		48920B4F1FA299D40097986C /* Build configuration list for PBXNativeTarget "InstagramTests" */ = {
			isa = XCConfigurationList;
			buildConfigurations = (
				48920B501FA299D40097986C /* Debug */,
				48920B511FA299D40097986C /* Release */,
			);
			defaultConfigurationIsVisible = 0;
			defaultConfigurationName = Release;
		};
		48920B521FA299D40097986C /* Build configuration list for PBXNativeTarget "InstagramUITests" */ = {
			isa = XCConfigurationList;
			buildConfigurations = (
				48920B531FA299D40097986C /* Debug */,
				48920B541FA299D40097986C /* Release */,
			);
			defaultConfigurationIsVisible = 0;
			defaultConfigurationName = Release;
		};
/* End XCConfigurationList section */

/* Begin XCVersionGroup section */
		48920B2B1FA299D40097986C /* Instagram.xcdatamodeld */ = {
			isa = XCVersionGroup;
			children = (
				48920B2C1FA299D40097986C /* Instagram.xcdatamodel */,
			);
			currentVersion = 48920B2C1FA299D40097986C /* Instagram.xcdatamodel */;
			path = Instagram.xcdatamodeld;
			sourceTree = "<group>";
			versionGroupType = wrapper.xcdatamodel;
		};
/* End XCVersionGroup section */
	};
	rootObject = 48920B191FA299D40097986C /* Project object */;
}
