// !$*UTF8*$!
{
	archiveVersion = 1;
	classes = {
	};
	objectVersion = 48;
	objects = {

/* Begin PBXBuildFile section */
		482017F11FABCE050080B18B /* Alert.swift in Sources */ = {isa = PBXBuildFile; fileRef = 482017F01FABCE050080B18B /* Alert.swift */; };
		4821C9C11FB3D2AE00AF5D2F /* Assets.xcassets in Resources */ = {isa = PBXBuildFile; fileRef = 4821C9C01FB3D2AE00AF5D2F /* Assets.xcassets */; };
		482340EB1FBA54BC00C2B333 /* MainMenuNavigationProtocol.swift in Sources */ = {isa = PBXBuildFile; fileRef = 482340EA1FBA54BC00C2B333 /* MainMenuNavigationProtocol.swift */; };
		482340ED1FBA55E700C2B333 /* MainMenuNavigationController.swift in Sources */ = {isa = PBXBuildFile; fileRef = 482340EC1FBA55E700C2B333 /* MainMenuNavigationController.swift */; };
		482340EF1FBA6C7100C2B333 /* ImageSelectionController.swift in Sources */ = {isa = PBXBuildFile; fileRef = 482340EE1FBA6C7100C2B333 /* ImageSelectionController.swift */; };
		48272D3C1FA7EFD700E45E44 /* Extension.swift in Sources */ = {isa = PBXBuildFile; fileRef = 48272D3B1FA7EFD700E45E44 /* Extension.swift */; };
		48275FB01FD619B300F5CC41 /* UISeparateNavigationController.swift in Sources */ = {isa = PBXBuildFile; fileRef = 48275FAE1FD619B300F5CC41 /* UISeparateNavigationController.swift */; };
		482F4E3A1FB6521900D821F5 /* UserProfileNavigationController.swift in Sources */ = {isa = PBXBuildFile; fileRef = 482F4E391FB6521900D821F5 /* UserProfileNavigationController.swift */; };
		482F4E3C1FB6532600D821F5 /* HomeNavigationController.swift in Sources */ = {isa = PBXBuildFile; fileRef = 482F4E3B1FB6532600D821F5 /* HomeNavigationController.swift */; };
		482F4E3E1FB6537B00D821F5 /* SearchNavigationController.swift in Sources */ = {isa = PBXBuildFile; fileRef = 482F4E3D1FB6537B00D821F5 /* SearchNavigationController.swift */; };
		482F4E401FB653B100D821F5 /* AddPhotosNavigationController.swift in Sources */ = {isa = PBXBuildFile; fileRef = 482F4E3F1FB653B100D821F5 /* AddPhotosNavigationController.swift */; };
		482F4E421FB6541200D821F5 /* FavouritesNavigationController.swift in Sources */ = {isa = PBXBuildFile; fileRef = 482F4E411FB6541200D821F5 /* FavouritesNavigationController.swift */; };
		483DA76F1FB1119300702266 /* MainTabController.swift in Sources */ = {isa = PBXBuildFile; fileRef = 483DA76E1FB1119300702266 /* MainTabController.swift */; };
		483DA7711FB1133900702266 /* UserProfileController.swift in Sources */ = {isa = PBXBuildFile; fileRef = 483DA7701FB1133900702266 /* UserProfileController.swift */; };
		486298371FB7AEB4005EFF69 /* LoginView.swift in Sources */ = {isa = PBXBuildFile; fileRef = 486298361FB7AEB4005EFF69 /* LoginView.swift */; };
		4862983A1FB7B042005EFF69 /* LoginProtocol.swift in Sources */ = {isa = PBXBuildFile; fileRef = 486298391FB7B042005EFF69 /* LoginProtocol.swift */; };
		488C439B1FAB4C3E00B667FC /* GoogleService-Info.plist in Resources */ = {isa = PBXBuildFile; fileRef = 488C439A1FAB4C3D00B667FC /* GoogleService-Info.plist */; };
		48920B251FA299D40097986C /* AppDelegate.swift in Sources */ = {isa = PBXBuildFile; fileRef = 48920B241FA299D40097986C /* AppDelegate.swift */; };
		48920B271FA299D40097986C /* SignupController.swift in Sources */ = {isa = PBXBuildFile; fileRef = 48920B261FA299D40097986C /* SignupController.swift */; };
		48920B2A1FA299D40097986C /* Main.storyboard in Resources */ = {isa = PBXBuildFile; fileRef = 48920B281FA299D40097986C /* Main.storyboard */; };
		48920B2D1FA299D40097986C /* Instagram.xcdatamodeld in Sources */ = {isa = PBXBuildFile; fileRef = 48920B2B1FA299D40097986C /* Instagram.xcdatamodeld */; };
		48920B321FA299D40097986C /* LaunchScreen.storyboard in Resources */ = {isa = PBXBuildFile; fileRef = 48920B301FA299D40097986C /* LaunchScreen.storyboard */; };
		48920B3D1FA299D40097986C /* InstagramTests.swift in Sources */ = {isa = PBXBuildFile; fileRef = 48920B3C1FA299D40097986C /* InstagramTests.swift */; };
		48920B481FA299D40097986C /* InstagramUITests.swift in Sources */ = {isa = PBXBuildFile; fileRef = 48920B471FA299D40097986C /* InstagramUITests.swift */; };
		48AAB3951FB11C1E0072771F /* UserProfileHeader.swift in Sources */ = {isa = PBXBuildFile; fileRef = 48AAB3941FB11C1E0072771F /* UserProfileHeader.swift */; };
		48EAAFCE203F850F00C71496 /* Localizable.strings in Resources */ = {isa = PBXBuildFile; fileRef = 48EAAFD0203F850F00C71496 /* Localizable.strings */; };
		48F9B4AE1FE9C3D100E2CD8D /* ImageSelectionCell.swift in Sources */ = {isa = PBXBuildFile; fileRef = 48F9B4AB1FE9C3D000E2CD8D /* ImageSelectionCell.swift */; };
		48F9B4AF1FE9C3D100E2CD8D /* ImageSelectionHeader.swift in Sources */ = {isa = PBXBuildFile; fileRef = 48F9B4AC1FE9C3D000E2CD8D /* ImageSelectionHeader.swift */; };
		48F9B4B01FE9C3D100E2CD8D /* ImageSelectorView.swift in Sources */ = {isa = PBXBuildFile; fileRef = 48F9B4AD1FE9C3D100E2CD8D /* ImageSelectorView.swift */; };
		48F9B4B31FE9C45900E2CD8D /* HomeController.swift in Sources */ = {isa = PBXBuildFile; fileRef = 48F9B4B21FE9C45900E2CD8D /* HomeController.swift */; };
		48F9B4B61FE9C7BB00E2CD8D /* PostCell.swift in Sources */ = {isa = PBXBuildFile; fileRef = 48F9B4B51FE9C7BB00E2CD8D /* PostCell.swift */; };
		48FDC1F71FDA006A0089AF91 /* ImageCaptionController.swift in Sources */ = {isa = PBXBuildFile; fileRef = 48FDC1F61FDA006A0089AF91 /* ImageCaptionController.swift */; };
		4A8A78AE2B6566ABA4E260B9 /* Pods_InstagramTests.framework in Frameworks */ = {isa = PBXBuildFile; fileRef = 24A3FC3D073EDD32D4F0FEA4 /* Pods_InstagramTests.framework */; };
		6BD70AE516C403D602CB7C36 /* Pods_InstagramUITests.framework in Frameworks */ = {isa = PBXBuildFile; fileRef = 944C9E5B9F3C1892F00F7044 /* Pods_InstagramUITests.framework */; };
		7D1FC7017931A0BE0EE334D6 /* Pods_Instagram.framework in Frameworks */ = {isa = PBXBuildFile; fileRef = 70A4F601699D38F6B1D09E23 /* Pods_Instagram.framework */; };
		8C0604091FDEA1D80036E507 /* ImageSelectorProtocol.swift in Sources */ = {isa = PBXBuildFile; fileRef = 8C0604081FDEA1D80036E507 /* ImageSelectorProtocol.swift */; };
		8C3699AC1FB20D59005CAA2D /* User.swift in Sources */ = {isa = PBXBuildFile; fileRef = 8C3699AB1FB20D59005CAA2D /* User.swift */; };
		8C6C03691FD8556D000085AD /* ImageSelectorViewController.swift in Sources */ = {isa = PBXBuildFile; fileRef = 8C6C03681FD8556D000085AD /* ImageSelectorViewController.swift */; };
		8C7FBBEB1FE2D7A300F46439 /* Post.swift in Sources */ = {isa = PBXBuildFile; fileRef = 8C7FBBEA1FE2D7A300F46439 /* Post.swift */; };
		8C7FBBED1FE2DAF600F46439 /* PotsCellCollectionViewCell.swift in Sources */ = {isa = PBXBuildFile; fileRef = 8C7FBBEC1FE2DAF600F46439 /* PotsCellCollectionViewCell.swift */; };
		8CBE5F691FB46B4C00F227A2 /* LoginController.swift in Sources */ = {isa = PBXBuildFile; fileRef = 8CBE5F681FB46B4C00F227A2 /* LoginController.swift */; };
		8CBE5F6B1FB4B68400F227A2 /* LoginNavigationController.swift in Sources */ = {isa = PBXBuildFile; fileRef = 8CBE5F6A1FB4B68400F227A2 /* LoginNavigationController.swift */; };
/* End PBXBuildFile section */

/* Begin PBXContainerItemProxy section */
		48920B391FA299D40097986C /* PBXContainerItemProxy */ = {
			isa = PBXContainerItemProxy;
			containerPortal = 48920B191FA299D40097986C /* Project object */;
			proxyType = 1;
			remoteGlobalIDString = 48920B201FA299D40097986C;
			remoteInfo = Instagram;
		};
		48920B441FA299D40097986C /* PBXContainerItemProxy */ = {
			isa = PBXContainerItemProxy;
			containerPortal = 48920B191FA299D40097986C /* Project object */;
			proxyType = 1;
			remoteGlobalIDString = 48920B201FA299D40097986C;
			remoteInfo = Instagram;
		};
/* End PBXContainerItemProxy section */

/* Begin PBXFileReference section */
		1982BF86F4641A74D31C6B53 /* Pods-Instagram.release.xcconfig */ = {isa = PBXFileReference; includeInIndex = 1; lastKnownFileType = text.xcconfig; name = "Pods-Instagram.release.xcconfig"; path = "Pods/Target Support Files/Pods-Instagram/Pods-Instagram.release.xcconfig"; sourceTree = "<group>"; };
		24A3FC3D073EDD32D4F0FEA4 /* Pods_InstagramTests.framework */ = {isa = PBXFileReference; explicitFileType = wrapper.framework; includeInIndex = 0; path = Pods_InstagramTests.framework; sourceTree = BUILT_PRODUCTS_DIR; };
		482017F01FABCE050080B18B /* Alert.swift */ = {isa = PBXFileReference; lastKnownFileType = sourcecode.swift; path = Alert.swift; sourceTree = "<group>"; };
		4821C9C01FB3D2AE00AF5D2F /* Assets.xcassets */ = {isa = PBXFileReference; lastKnownFileType = folder.assetcatalog; path = Assets.xcassets; sourceTree = "<group>"; };
		482340EA1FBA54BC00C2B333 /* MainMenuNavigationProtocol.swift */ = {isa = PBXFileReference; lastKnownFileType = sourcecode.swift; path = MainMenuNavigationProtocol.swift; sourceTree = "<group>"; };
		482340EC1FBA55E700C2B333 /* MainMenuNavigationController.swift */ = {isa = PBXFileReference; lastKnownFileType = sourcecode.swift; path = MainMenuNavigationController.swift; sourceTree = "<group>"; };
		482340EE1FBA6C7100C2B333 /* ImageSelectionController.swift */ = {isa = PBXFileReference; lastKnownFileType = sourcecode.swift; path = ImageSelectionController.swift; sourceTree = "<group>"; };
		48272D3B1FA7EFD700E45E44 /* Extension.swift */ = {isa = PBXFileReference; lastKnownFileType = sourcecode.swift; path = Extension.swift; sourceTree = "<group>"; };
		48275FAE1FD619B300F5CC41 /* UISeparateNavigationController.swift */ = {isa = PBXFileReference; fileEncoding = 4; lastKnownFileType = sourcecode.swift; path = UISeparateNavigationController.swift; sourceTree = "<group>"; };
		482F4E391FB6521900D821F5 /* UserProfileNavigationController.swift */ = {isa = PBXFileReference; lastKnownFileType = sourcecode.swift; path = UserProfileNavigationController.swift; sourceTree = "<group>"; };
		482F4E3B1FB6532600D821F5 /* HomeNavigationController.swift */ = {isa = PBXFileReference; lastKnownFileType = sourcecode.swift; path = HomeNavigationController.swift; sourceTree = "<group>"; };
		482F4E3D1FB6537B00D821F5 /* SearchNavigationController.swift */ = {isa = PBXFileReference; lastKnownFileType = sourcecode.swift; path = SearchNavigationController.swift; sourceTree = "<group>"; };
		482F4E3F1FB653B100D821F5 /* AddPhotosNavigationController.swift */ = {isa = PBXFileReference; lastKnownFileType = sourcecode.swift; path = AddPhotosNavigationController.swift; sourceTree = "<group>"; };
		482F4E411FB6541200D821F5 /* FavouritesNavigationController.swift */ = {isa = PBXFileReference; lastKnownFileType = sourcecode.swift; path = FavouritesNavigationController.swift; sourceTree = "<group>"; };
		483DA76E1FB1119300702266 /* MainTabController.swift */ = {isa = PBXFileReference; lastKnownFileType = sourcecode.swift; path = MainTabController.swift; sourceTree = "<group>"; };
		483DA7701FB1133900702266 /* UserProfileController.swift */ = {isa = PBXFileReference; lastKnownFileType = sourcecode.swift; path = UserProfileController.swift; sourceTree = "<group>"; };
		486298361FB7AEB4005EFF69 /* LoginView.swift */ = {isa = PBXFileReference; lastKnownFileType = sourcecode.swift; path = LoginView.swift; sourceTree = "<group>"; };
		486298391FB7B042005EFF69 /* LoginProtocol.swift */ = {isa = PBXFileReference; lastKnownFileType = sourcecode.swift; path = LoginProtocol.swift; sourceTree = "<group>"; };
		488C439A1FAB4C3D00B667FC /* GoogleService-Info.plist */ = {isa = PBXFileReference; fileEncoding = 4; lastKnownFileType = text.plist.xml; path = "GoogleService-Info.plist"; sourceTree = "<group>"; };
		48920B211FA299D40097986C /* Instagram.app */ = {isa = PBXFileReference; explicitFileType = wrapper.application; includeInIndex = 0; path = Instagram.app; sourceTree = BUILT_PRODUCTS_DIR; };
		48920B241FA299D40097986C /* AppDelegate.swift */ = {isa = PBXFileReference; lastKnownFileType = sourcecode.swift; path = AppDelegate.swift; sourceTree = "<group>"; };
		48920B261FA299D40097986C /* SignupController.swift */ = {isa = PBXFileReference; lastKnownFileType = sourcecode.swift; path = SignupController.swift; sourceTree = "<group>"; };
		48920B291FA299D40097986C /* Base */ = {isa = PBXFileReference; lastKnownFileType = file.storyboard; name = Base; path = Base.lproj/Main.storyboard; sourceTree = "<group>"; };
		48920B2C1FA299D40097986C /* Instagram.xcdatamodel */ = {isa = PBXFileReference; lastKnownFileType = wrapper.xcdatamodel; path = Instagram.xcdatamodel; sourceTree = "<group>"; };
		48920B311FA299D40097986C /* Base */ = {isa = PBXFileReference; lastKnownFileType = file.storyboard; name = Base; path = Base.lproj/LaunchScreen.storyboard; sourceTree = "<group>"; };
		48920B331FA299D40097986C /* Info.plist */ = {isa = PBXFileReference; lastKnownFileType = text.plist.xml; path = Info.plist; sourceTree = "<group>"; };
		48920B381FA299D40097986C /* InstagramTests.xctest */ = {isa = PBXFileReference; explicitFileType = wrapper.cfbundle; includeInIndex = 0; path = InstagramTests.xctest; sourceTree = BUILT_PRODUCTS_DIR; };
		48920B3C1FA299D40097986C /* InstagramTests.swift */ = {isa = PBXFileReference; lastKnownFileType = sourcecode.swift; path = InstagramTests.swift; sourceTree = "<group>"; };
		48920B3E1FA299D40097986C /* Info.plist */ = {isa = PBXFileReference; lastKnownFileType = text.plist.xml; path = Info.plist; sourceTree = "<group>"; };
		48920B431FA299D40097986C /* InstagramUITests.xctest */ = {isa = PBXFileReference; explicitFileType = wrapper.cfbundle; includeInIndex = 0; path = InstagramUITests.xctest; sourceTree = BUILT_PRODUCTS_DIR; };
		48920B471FA299D40097986C /* InstagramUITests.swift */ = {isa = PBXFileReference; lastKnownFileType = sourcecode.swift; path = InstagramUITests.swift; sourceTree = "<group>"; };
		48920B491FA299D40097986C /* Info.plist */ = {isa = PBXFileReference; lastKnownFileType = text.plist.xml; path = Info.plist; sourceTree = "<group>"; };
		48AAB3941FB11C1E0072771F /* UserProfileHeader.swift */ = {isa = PBXFileReference; lastKnownFileType = sourcecode.swift; path = UserProfileHeader.swift; sourceTree = "<group>"; };
		48EAAFCB203F837D00C71496 /* pt-BR */ = {isa = PBXFileReference; lastKnownFileType = text.plist.strings; name = "pt-BR"; path = "pt-BR.lproj/LaunchScreen.strings"; sourceTree = "<group>"; };
		48EAAFCF203F850F00C71496 /* en */ = {isa = PBXFileReference; lastKnownFileType = text.plist.strings; name = en; path = en.lproj/Localizable.strings; sourceTree = "<group>"; };
		48EAAFD1203F851200C71496 /* pt-BR */ = {isa = PBXFileReference; lastKnownFileType = text.plist.strings; name = "pt-BR"; path = "pt-BR.lproj/Localizable.strings"; sourceTree = "<group>"; };
		48F9B4AB1FE9C3D000E2CD8D /* ImageSelectionCell.swift */ = {isa = PBXFileReference; fileEncoding = 4; lastKnownFileType = sourcecode.swift; name = ImageSelectionCell.swift; path = Instagram/view/imageSelection/ImageSelectionCell.swift; sourceTree = SOURCE_ROOT; };
		48F9B4AC1FE9C3D000E2CD8D /* ImageSelectionHeader.swift */ = {isa = PBXFileReference; fileEncoding = 4; lastKnownFileType = sourcecode.swift; name = ImageSelectionHeader.swift; path = Instagram/view/imageSelection/ImageSelectionHeader.swift; sourceTree = SOURCE_ROOT; };
		48F9B4AD1FE9C3D100E2CD8D /* ImageSelectorView.swift */ = {isa = PBXFileReference; fileEncoding = 4; lastKnownFileType = sourcecode.swift; name = ImageSelectorView.swift; path = Instagram/view/imageSelection/ImageSelectorView.swift; sourceTree = SOURCE_ROOT; };
		48F9B4B21FE9C45900E2CD8D /* HomeController.swift */ = {isa = PBXFileReference; lastKnownFileType = sourcecode.swift; path = HomeController.swift; sourceTree = "<group>"; };
		48F9B4B51FE9C7BB00E2CD8D /* PostCell.swift */ = {isa = PBXFileReference; lastKnownFileType = sourcecode.swift; path = PostCell.swift; sourceTree = "<group>"; };
		48FDC1F61FDA006A0089AF91 /* ImageCaptionController.swift */ = {isa = PBXFileReference; lastKnownFileType = sourcecode.swift; path = ImageCaptionController.swift; sourceTree = "<group>"; };
		6660DEC7FCCF6CA0A46FA358 /* Pods-InstagramUITests.debug.xcconfig */ = {isa = PBXFileReference; includeInIndex = 1; lastKnownFileType = text.xcconfig; name = "Pods-InstagramUITests.debug.xcconfig"; path = "Pods/Target Support Files/Pods-InstagramUITests/Pods-InstagramUITests.debug.xcconfig"; sourceTree = "<group>"; };
		70A4F601699D38F6B1D09E23 /* Pods_Instagram.framework */ = {isa = PBXFileReference; explicitFileType = wrapper.framework; includeInIndex = 0; path = Pods_Instagram.framework; sourceTree = BUILT_PRODUCTS_DIR; };
		8C0604081FDEA1D80036E507 /* ImageSelectorProtocol.swift */ = {isa = PBXFileReference; lastKnownFileType = sourcecode.swift; path = ImageSelectorProtocol.swift; sourceTree = "<group>"; };
		8C3699AB1FB20D59005CAA2D /* User.swift */ = {isa = PBXFileReference; lastKnownFileType = sourcecode.swift; path = User.swift; sourceTree = "<group>"; };
		8C6C03681FD8556D000085AD /* ImageSelectorViewController.swift */ = {isa = PBXFileReference; fileEncoding = 4; lastKnownFileType = sourcecode.swift; path = ImageSelectorViewController.swift; sourceTree = "<group>"; };
		8C7FBBEA1FE2D7A300F46439 /* Post.swift */ = {isa = PBXFileReference; lastKnownFileType = sourcecode.swift; path = Post.swift; sourceTree = "<group>"; };
		8C7FBBEC1FE2DAF600F46439 /* PotsCellCollectionViewCell.swift */ = {isa = PBXFileReference; lastKnownFileType = sourcecode.swift; path = PotsCellCollectionViewCell.swift; sourceTree = "<group>"; };
		8CBE5F681FB46B4C00F227A2 /* LoginController.swift */ = {isa = PBXFileReference; lastKnownFileType = sourcecode.swift; path = LoginController.swift; sourceTree = "<group>"; };
		8CBE5F6A1FB4B68400F227A2 /* LoginNavigationController.swift */ = {isa = PBXFileReference; lastKnownFileType = sourcecode.swift; path = LoginNavigationController.swift; sourceTree = "<group>"; };
		944C9E5B9F3C1892F00F7044 /* Pods_InstagramUITests.framework */ = {isa = PBXFileReference; explicitFileType = wrapper.framework; includeInIndex = 0; path = Pods_InstagramUITests.framework; sourceTree = BUILT_PRODUCTS_DIR; };
		9EE753E6DE72200C78035040 /* Pods-Instagram.debug.xcconfig */ = {isa = PBXFileReference; includeInIndex = 1; lastKnownFileType = text.xcconfig; name = "Pods-Instagram.debug.xcconfig"; path = "Pods/Target Support Files/Pods-Instagram/Pods-Instagram.debug.xcconfig"; sourceTree = "<group>"; };
		B800594F1F3B05E2F160D273 /* Pods-InstagramTests.release.xcconfig */ = {isa = PBXFileReference; includeInIndex = 1; lastKnownFileType = text.xcconfig; name = "Pods-InstagramTests.release.xcconfig"; path = "Pods/Target Support Files/Pods-InstagramTests/Pods-InstagramTests.release.xcconfig"; sourceTree = "<group>"; };
		BD017BF39F65F3B91C3697FD /* Pods-InstagramUITests.release.xcconfig */ = {isa = PBXFileReference; includeInIndex = 1; lastKnownFileType = text.xcconfig; name = "Pods-InstagramUITests.release.xcconfig"; path = "Pods/Target Support Files/Pods-InstagramUITests/Pods-InstagramUITests.release.xcconfig"; sourceTree = "<group>"; };
		D70F73D152F235B73FE56BA0 /* Pods-InstagramTests.debug.xcconfig */ = {isa = PBXFileReference; includeInIndex = 1; lastKnownFileType = text.xcconfig; name = "Pods-InstagramTests.debug.xcconfig"; path = "Pods/Target Support Files/Pods-InstagramTests/Pods-InstagramTests.debug.xcconfig"; sourceTree = "<group>"; };
/* End PBXFileReference section */

/* Begin PBXFrameworksBuildPhase section */
		48920B1E1FA299D40097986C /* Frameworks */ = {
			isa = PBXFrameworksBuildPhase;
			buildActionMask = 2147483647;
			files = (
				7D1FC7017931A0BE0EE334D6 /* Pods_Instagram.framework in Frameworks */,
			);
			runOnlyForDeploymentPostprocessing = 0;
		};
		48920B351FA299D40097986C /* Frameworks */ = {
			isa = PBXFrameworksBuildPhase;
			buildActionMask = 2147483647;
			files = (
				4A8A78AE2B6566ABA4E260B9 /* Pods_InstagramTests.framework in Frameworks */,
			);
			runOnlyForDeploymentPostprocessing = 0;
		};
		48920B401FA299D40097986C /* Frameworks */ = {
			isa = PBXFrameworksBuildPhase;
			buildActionMask = 2147483647;
			files = (
				6BD70AE516C403D602CB7C36 /* Pods_InstagramUITests.framework in Frameworks */,
			);
			runOnlyForDeploymentPostprocessing = 0;
		};
/* End PBXFrameworksBuildPhase section */

/* Begin PBXGroup section */
		482017EF1FABCDF60080B18B /* view */ = {
			isa = PBXGroup;
			children = (
				48F9B4B41FE9C7A400E2CD8D /* home */,
				48F9B4AA1FE9C3C000E2CD8D /* imageSelection */,
				8C7D60161FC87BE40023B62D /* helpers */,
				8C7D60151FC87BD70023B62D /* userProfile */,
				8C7D60141FC87BCC0023B62D /* login */,
			);
			path = view;
			sourceTree = "<group>";
		};
		482340F41FBA6FD100C2B333 /* login */ = {
			isa = PBXGroup;
			children = (
				8CBE5F681FB46B4C00F227A2 /* LoginController.swift */,
				8CBE5F6A1FB4B68400F227A2 /* LoginNavigationController.swift */,
			);
			path = login;
			sourceTree = "<group>";
		};
		482340F51FBA6FEE00C2B333 /* navigationTab */ = {
			isa = PBXGroup;
			children = (
				482340EC1FBA55E700C2B333 /* MainMenuNavigationController.swift */,
				483DA76E1FB1119300702266 /* MainTabController.swift */,
				482F4E3B1FB6532600D821F5 /* HomeNavigationController.swift */,
				482F4E391FB6521900D821F5 /* UserProfileNavigationController.swift */,
				482F4E3D1FB6537B00D821F5 /* SearchNavigationController.swift */,
				482F4E3F1FB653B100D821F5 /* AddPhotosNavigationController.swift */,
				482F4E411FB6541200D821F5 /* FavouritesNavigationController.swift */,
			);
			path = navigationTab;
			sourceTree = "<group>";
		};
		482340F61FBA700F00C2B333 /* imageSelection */ = {
			isa = PBXGroup;
			children = (
				48275FAE1FD619B300F5CC41 /* UISeparateNavigationController.swift */,
				482340EE1FBA6C7100C2B333 /* ImageSelectionController.swift */,
				48FDC1F61FDA006A0089AF91 /* ImageCaptionController.swift */,
			);
			path = imageSelection;
			sourceTree = "<group>";
		};
		482340F71FBA701900C2B333 /* signUp */ = {
			isa = PBXGroup;
			children = (
				48920B261FA299D40097986C /* SignupController.swift */,
			);
			path = signUp;
			sourceTree = "<group>";
		};
		482340F81FBA701F00C2B333 /* userProfile */ = {
			isa = PBXGroup;
			children = (
				483DA7701FB1133900702266 /* UserProfileController.swift */,
			);
			path = userProfile;
			sourceTree = "<group>";
		};
		48272D3A1FA7EFC700E45E44 /* extension */ = {
			isa = PBXGroup;
			children = (
				48272D3B1FA7EFD700E45E44 /* Extension.swift */,
			);
			path = extension;
			sourceTree = "<group>";
		};
		486298381FB7B015005EFF69 /* protocol */ = {
			isa = PBXGroup;
			children = (
				8C6C03681FD8556D000085AD /* ImageSelectorViewController.swift */,
				486298391FB7B042005EFF69 /* LoginProtocol.swift */,
				8C0604081FDEA1D80036E507 /* ImageSelectorProtocol.swift */,
				482340EA1FBA54BC00C2B333 /* MainMenuNavigationProtocol.swift */,
			);
			path = protocol;
			sourceTree = "<group>";
		};
		48920B181FA299D40097986C = {
			isa = PBXGroup;
			children = (
				48EAAFD0203F850F00C71496 /* Localizable.strings */,
				48920B231FA299D40097986C /* Instagram */,
				48920B3B1FA299D40097986C /* InstagramTests */,
				48920B461FA299D40097986C /* InstagramUITests */,
				48920B221FA299D40097986C /* Products */,
				864438E3F30471D8F2816CB1 /* Pods */,
				55E0C24790E756CD0990065B /* Frameworks */,
			);
			sourceTree = "<group>";
		};
		48920B221FA299D40097986C /* Products */ = {
			isa = PBXGroup;
			children = (
				48920B211FA299D40097986C /* Instagram.app */,
				48920B381FA299D40097986C /* InstagramTests.xctest */,
				48920B431FA299D40097986C /* InstagramUITests.xctest */,
			);
			name = Products;
			sourceTree = "<group>";
		};
		48920B231FA299D40097986C /* Instagram */ = {
			isa = PBXGroup;
			children = (
				4821C9C01FB3D2AE00AF5D2F /* Assets.xcassets */,
				486298381FB7B015005EFF69 /* protocol */,
				8C3699AD1FB22462005CAA2D /* controller */,
				8C3699AA1FB20D4A005CAA2D /* model */,
				482017EF1FABCDF60080B18B /* view */,
				48272D3A1FA7EFC700E45E44 /* extension */,
				48920B241FA299D40097986C /* AppDelegate.swift */,
				48920B281FA299D40097986C /* Main.storyboard */,
				48920B301FA299D40097986C /* LaunchScreen.storyboard */,
				48920B331FA299D40097986C /* Info.plist */,
				488C439A1FAB4C3D00B667FC /* GoogleService-Info.plist */,
				48920B2B1FA299D40097986C /* Instagram.xcdatamodeld */,
			);
			path = Instagram;
			sourceTree = "<group>";
		};
		48920B3B1FA299D40097986C /* InstagramTests */ = {
			isa = PBXGroup;
			children = (
				48920B3C1FA299D40097986C /* InstagramTests.swift */,
				48920B3E1FA299D40097986C /* Info.plist */,
			);
			path = InstagramTests;
			sourceTree = "<group>";
		};
		48920B461FA299D40097986C /* InstagramUITests */ = {
			isa = PBXGroup;
			children = (
				48920B471FA299D40097986C /* InstagramUITests.swift */,
				48920B491FA299D40097986C /* Info.plist */,
			);
			path = InstagramUITests;
			sourceTree = "<group>";
		};
		48F9B4AA1FE9C3C000E2CD8D /* imageSelection */ = {
			isa = PBXGroup;
			children = (
				48F9B4AB1FE9C3D000E2CD8D /* ImageSelectionCell.swift */,
				48F9B4AC1FE9C3D000E2CD8D /* ImageSelectionHeader.swift */,
				48F9B4AD1FE9C3D100E2CD8D /* ImageSelectorView.swift */,
			);
			name = imageSelection;
			path = "New Group";
			sourceTree = "<group>";
		};
		48F9B4B11FE9C44A00E2CD8D /* home */ = {
			isa = PBXGroup;
			children = (
				48F9B4B21FE9C45900E2CD8D /* HomeController.swift */,
			);
			path = home;
			sourceTree = "<group>";
		};
		48F9B4B41FE9C7A400E2CD8D /* home */ = {
			isa = PBXGroup;
			children = (
				48F9B4B51FE9C7BB00E2CD8D /* PostCell.swift */,
			);
			path = home;
			sourceTree = "<group>";
		};
		55E0C24790E756CD0990065B /* Frameworks */ = {
			isa = PBXGroup;
			children = (
				70A4F601699D38F6B1D09E23 /* Pods_Instagram.framework */,
				24A3FC3D073EDD32D4F0FEA4 /* Pods_InstagramTests.framework */,
				944C9E5B9F3C1892F00F7044 /* Pods_InstagramUITests.framework */,
			);
			name = Frameworks;
			sourceTree = "<group>";
		};
		864438E3F30471D8F2816CB1 /* Pods */ = {
			isa = PBXGroup;
			children = (
				9EE753E6DE72200C78035040 /* Pods-Instagram.debug.xcconfig */,
				1982BF86F4641A74D31C6B53 /* Pods-Instagram.release.xcconfig */,
				D70F73D152F235B73FE56BA0 /* Pods-InstagramTests.debug.xcconfig */,
				B800594F1F3B05E2F160D273 /* Pods-InstagramTests.release.xcconfig */,
				6660DEC7FCCF6CA0A46FA358 /* Pods-InstagramUITests.debug.xcconfig */,
				BD017BF39F65F3B91C3697FD /* Pods-InstagramUITests.release.xcconfig */,
			);
			name = Pods;
			sourceTree = "<group>";
		};
		8C3699AA1FB20D4A005CAA2D /* model */ = {
			isa = PBXGroup;
			children = (
				8C3699AB1FB20D59005CAA2D /* User.swift */,
				8C7FBBEA1FE2D7A300F46439 /* Post.swift */,
			);
			path = model;
			sourceTree = "<group>";
		};
		8C3699AD1FB22462005CAA2D /* controller */ = {
			isa = PBXGroup;
			children = (
				48F9B4B11FE9C44A00E2CD8D /* home */,
				482340F51FBA6FEE00C2B333 /* navigationTab */,
				482340F81FBA701F00C2B333 /* userProfile */,
				482340F71FBA701900C2B333 /* signUp */,
				482340F41FBA6FD100C2B333 /* login */,
				482340F61FBA700F00C2B333 /* imageSelection */,
			);
			path = controller;
			sourceTree = "<group>";
		};
		8C7D60141FC87BCC0023B62D /* login */ = {
			isa = PBXGroup;
			children = (
				486298361FB7AEB4005EFF69 /* LoginView.swift */,
			);
			path = login;
			sourceTree = "<group>";
		};
		8C7D60151FC87BD70023B62D /* userProfile */ = {
			isa = PBXGroup;
			children = (
				48AAB3941FB11C1E0072771F /* UserProfileHeader.swift */,
				8C7FBBEC1FE2DAF600F46439 /* PotsCellCollectionViewCell.swift */,
			);
			path = userProfile;
			sourceTree = "<group>";
		};
		8C7D60161FC87BE40023B62D /* helpers */ = {
			isa = PBXGroup;
			children = (
				482017F01FABCE050080B18B /* Alert.swift */,
			);
			path = helpers;
			sourceTree = "<group>";
		};
/* End PBXGroup section */

/* Begin PBXNativeTarget section */
		48920B201FA299D40097986C /* Instagram */ = {
			isa = PBXNativeTarget;
			buildConfigurationList = 48920B4C1FA299D40097986C /* Build configuration list for PBXNativeTarget "Instagram" */;
			buildPhases = (
				4D0A0600C31DBE9F15A088D8 /* [CP] Check Pods Manifest.lock */,
				48920B1D1FA299D40097986C /* Sources */,
				48920B1E1FA299D40097986C /* Frameworks */,
				48920B1F1FA299D40097986C /* Resources */,
				6337FCC72627E22C53729160 /* [CP] Embed Pods Frameworks */,
				ED282849B8FF2847E61900B3 /* [CP] Copy Pods Resources */,
			);
			buildRules = (
			);
			dependencies = (
			);
			name = Instagram;
			productName = Instagram;
			productReference = 48920B211FA299D40097986C /* Instagram.app */;
			productType = "com.apple.product-type.application";
		};
		48920B371FA299D40097986C /* InstagramTests */ = {
			isa = PBXNativeTarget;
			buildConfigurationList = 48920B4F1FA299D40097986C /* Build configuration list for PBXNativeTarget "InstagramTests" */;
			buildPhases = (
				04AAF715490173076AE00010 /* [CP] Check Pods Manifest.lock */,
				48920B341FA299D40097986C /* Sources */,
				48920B351FA299D40097986C /* Frameworks */,
				48920B361FA299D40097986C /* Resources */,
				D6714B14314313F8C8F391BF /* [CP] Embed Pods Frameworks */,
				014A877EDF798AF911C386DC /* [CP] Copy Pods Resources */,
			);
			buildRules = (
			);
			dependencies = (
				48920B3A1FA299D40097986C /* PBXTargetDependency */,
			);
			name = InstagramTests;
			productName = InstagramTests;
			productReference = 48920B381FA299D40097986C /* InstagramTests.xctest */;
			productType = "com.apple.product-type.bundle.unit-test";
		};
		48920B421FA299D40097986C /* InstagramUITests */ = {
			isa = PBXNativeTarget;
			buildConfigurationList = 48920B521FA299D40097986C /* Build configuration list for PBXNativeTarget "InstagramUITests" */;
			buildPhases = (
				C82632DEFA538E69BCA9A50B /* [CP] Check Pods Manifest.lock */,
				48920B3F1FA299D40097986C /* Sources */,
				48920B401FA299D40097986C /* Frameworks */,
				48920B411FA299D40097986C /* Resources */,
				ADBA0432E143676B669A8A12 /* [CP] Embed Pods Frameworks */,
				D2D8A56CB7612BAC09BD32A8 /* [CP] Copy Pods Resources */,
			);
			buildRules = (
			);
			dependencies = (
				48920B451FA299D40097986C /* PBXTargetDependency */,
			);
			name = InstagramUITests;
			productName = InstagramUITests;
			productReference = 48920B431FA299D40097986C /* InstagramUITests.xctest */;
			productType = "com.apple.product-type.bundle.ui-testing";
		};
/* End PBXNativeTarget section */

/* Begin PBXProject section */
		48920B191FA299D40097986C /* Project object */ = {
			isa = PBXProject;
			attributes = {
				LastSwiftUpdateCheck = 0900;
				LastUpgradeCheck = 0900;
				ORGANIZATIONNAME = "tiago turibio";
				TargetAttributes = {
					48920B201FA299D40097986C = {
						CreatedOnToolsVersion = 9.0.1;
						ProvisioningStyle = Automatic;
					};
					48920B371FA299D40097986C = {
						CreatedOnToolsVersion = 9.0.1;
						ProvisioningStyle = Automatic;
						TestTargetID = 48920B201FA299D40097986C;
					};
					48920B421FA299D40097986C = {
						CreatedOnToolsVersion = 9.0.1;
						ProvisioningStyle = Automatic;
						TestTargetID = 48920B201FA299D40097986C;
					};
				};
			};
			buildConfigurationList = 48920B1C1FA299D40097986C /* Build configuration list for PBXProject "Instagram" */;
			compatibilityVersion = "Xcode 8.0";
			developmentRegion = en;
			hasScannedForEncodings = 0;
			knownRegions = (
				en,
				Base,
				"pt-BR",
			);
			mainGroup = 48920B181FA299D40097986C;
			productRefGroup = 48920B221FA299D40097986C /* Products */;
			projectDirPath = "";
			projectRoot = "";
			targets = (
				48920B201FA299D40097986C /* Instagram */,
				48920B371FA299D40097986C /* InstagramTests */,
				48920B421FA299D40097986C /* InstagramUITests */,
			);
		};
/* End PBXProject section */

/* Begin PBXResourcesBuildPhase section */
		48920B1F1FA299D40097986C /* Resources */ = {
			isa = PBXResourcesBuildPhase;
			buildActionMask = 2147483647;
			files = (
				48EAAFCE203F850F00C71496 /* Localizable.strings in Resources */,
				48920B321FA299D40097986C /* LaunchScreen.storyboard in Resources */,
				488C439B1FAB4C3E00B667FC /* GoogleService-Info.plist in Resources */,
				4821C9C11FB3D2AE00AF5D2F /* Assets.xcassets in Resources */,
				48920B2A1FA299D40097986C /* Main.storyboard in Resources */,
			);
			runOnlyForDeploymentPostprocessing = 0;
		};
		48920B361FA299D40097986C /* Resources */ = {
			isa = PBXResourcesBuildPhase;
			buildActionMask = 2147483647;
			files = (
			);
			runOnlyForDeploymentPostprocessing = 0;
		};
		48920B411FA299D40097986C /* Resources */ = {
			isa = PBXResourcesBuildPhase;
			buildActionMask = 2147483647;
			files = (
			);
			runOnlyForDeploymentPostprocessing = 0;
		};
/* End PBXResourcesBuildPhase section */

/* Begin PBXShellScriptBuildPhase section */
		014A877EDF798AF911C386DC /* [CP] Copy Pods Resources */ = {
			isa = PBXShellScriptBuildPhase;
			buildActionMask = 2147483647;
			files = (
			);
			inputPaths = (
			);
			name = "[CP] Copy Pods Resources";
			outputPaths = (
			);
			runOnlyForDeploymentPostprocessing = 0;
			shellPath = /bin/sh;
			shellScript = "\"${SRCROOT}/Pods/Target Support Files/Pods-InstagramTests/Pods-InstagramTests-resources.sh\"\n";
			showEnvVarsInLog = 0;
		};
		04AAF715490173076AE00010 /* [CP] Check Pods Manifest.lock */ = {
			isa = PBXShellScriptBuildPhase;
			buildActionMask = 2147483647;
			files = (
			);
			inputPaths = (
				"${PODS_PODFILE_DIR_PATH}/Podfile.lock",
				"${PODS_ROOT}/Manifest.lock",
			);
			name = "[CP] Check Pods Manifest.lock";
			outputPaths = (
				"$(DERIVED_FILE_DIR)/Pods-InstagramTests-checkManifestLockResult.txt",
			);
			runOnlyForDeploymentPostprocessing = 0;
			shellPath = /bin/sh;
			shellScript = "diff \"${PODS_PODFILE_DIR_PATH}/Podfile.lock\" \"${PODS_ROOT}/Manifest.lock\" > /dev/null\nif [ $? != 0 ] ; then\n    # print error to STDERR\n    echo \"error: The sandbox is not in sync with the Podfile.lock. Run 'pod install' or update your CocoaPods installation.\" >&2\n    exit 1\nfi\n# This output is used by Xcode 'outputs' to avoid re-running this script phase.\necho \"SUCCESS\" > \"${SCRIPT_OUTPUT_FILE_0}\"\n";
			showEnvVarsInLog = 0;
		};
		4D0A0600C31DBE9F15A088D8 /* [CP] Check Pods Manifest.lock */ = {
			isa = PBXShellScriptBuildPhase;
			buildActionMask = 2147483647;
			files = (
			);
			inputPaths = (
				"${PODS_PODFILE_DIR_PATH}/Podfile.lock",
				"${PODS_ROOT}/Manifest.lock",
			);
			name = "[CP] Check Pods Manifest.lock";
			outputPaths = (
				"$(DERIVED_FILE_DIR)/Pods-Instagram-checkManifestLockResult.txt",
			);
			runOnlyForDeploymentPostprocessing = 0;
			shellPath = /bin/sh;
			shellScript = "diff \"${PODS_PODFILE_DIR_PATH}/Podfile.lock\" \"${PODS_ROOT}/Manifest.lock\" > /dev/null\nif [ $? != 0 ] ; then\n    # print error to STDERR\n    echo \"error: The sandbox is not in sync with the Podfile.lock. Run 'pod install' or update your CocoaPods installation.\" >&2\n    exit 1\nfi\n# This output is used by Xcode 'outputs' to avoid re-running this script phase.\necho \"SUCCESS\" > \"${SCRIPT_OUTPUT_FILE_0}\"\n";
			showEnvVarsInLog = 0;
		};
		6337FCC72627E22C53729160 /* [CP] Embed Pods Frameworks */ = {
			isa = PBXShellScriptBuildPhase;
			buildActionMask = 2147483647;
			files = (
			);
			inputPaths = (
				"${SRCROOT}/Pods/Target Support Files/Pods-Instagram/Pods-Instagram-frameworks.sh",
				"${BUILT_PRODUCTS_DIR}/GTMSessionFetcher/GTMSessionFetcher.framework",
				"${BUILT_PRODUCTS_DIR}/GoogleToolboxForMac/GoogleToolboxForMac.framework",
				"${BUILT_PRODUCTS_DIR}/leveldb-library/leveldb.framework",
				"${BUILT_PRODUCTS_DIR}/nanopb/nanopb.framework",
			);
			name = "[CP] Embed Pods Frameworks";
			outputPaths = (
				"${TARGET_BUILD_DIR}/${FRAMEWORKS_FOLDER_PATH}/GTMSessionFetcher.framework",
				"${TARGET_BUILD_DIR}/${FRAMEWORKS_FOLDER_PATH}/GoogleToolboxForMac.framework",
				"${TARGET_BUILD_DIR}/${FRAMEWORKS_FOLDER_PATH}/leveldb.framework",
				"${TARGET_BUILD_DIR}/${FRAMEWORKS_FOLDER_PATH}/nanopb.framework",
			);
			runOnlyForDeploymentPostprocessing = 0;
			shellPath = /bin/sh;
			shellScript = "\"${SRCROOT}/Pods/Target Support Files/Pods-Instagram/Pods-Instagram-frameworks.sh\"\n";
			showEnvVarsInLog = 0;
		};
		ADBA0432E143676B669A8A12 /* [CP] Embed Pods Frameworks */ = {
			isa = PBXShellScriptBuildPhase;
			buildActionMask = 2147483647;
			files = (
			);
			inputPaths = (
			);
			name = "[CP] Embed Pods Frameworks";
			outputPaths = (
			);
			runOnlyForDeploymentPostprocessing = 0;
			shellPath = /bin/sh;
			shellScript = "\"${SRCROOT}/Pods/Target Support Files/Pods-InstagramUITests/Pods-InstagramUITests-frameworks.sh\"\n";
			showEnvVarsInLog = 0;
		};
		C82632DEFA538E69BCA9A50B /* [CP] Check Pods Manifest.lock */ = {
			isa = PBXShellScriptBuildPhase;
			buildActionMask = 2147483647;
			files = (
			);
			inputPaths = (
				"${PODS_PODFILE_DIR_PATH}/Podfile.lock",
				"${PODS_ROOT}/Manifest.lock",
			);
			name = "[CP] Check Pods Manifest.lock";
			outputPaths = (
				"$(DERIVED_FILE_DIR)/Pods-InstagramUITests-checkManifestLockResult.txt",
			);
			runOnlyForDeploymentPostprocessing = 0;
			shellPath = /bin/sh;
			shellScript = "diff \"${PODS_PODFILE_DIR_PATH}/Podfile.lock\" \"${PODS_ROOT}/Manifest.lock\" > /dev/null\nif [ $? != 0 ] ; then\n    # print error to STDERR\n    echo \"error: The sandbox is not in sync with the Podfile.lock. Run 'pod install' or update your CocoaPods installation.\" >&2\n    exit 1\nfi\n# This output is used by Xcode 'outputs' to avoid re-running this script phase.\necho \"SUCCESS\" > \"${SCRIPT_OUTPUT_FILE_0}\"\n";
			showEnvVarsInLog = 0;
		};
		D2D8A56CB7612BAC09BD32A8 /* [CP] Copy Pods Resources */ = {
			isa = PBXShellScriptBuildPhase;
			buildActionMask = 2147483647;
			files = (
			);
			inputPaths = (
			);
			name = "[CP] Copy Pods Resources";
			outputPaths = (
			);
			runOnlyForDeploymentPostprocessing = 0;
			shellPath = /bin/sh;
			shellScript = "\"${SRCROOT}/Pods/Target Support Files/Pods-InstagramUITests/Pods-InstagramUITests-resources.sh\"\n";
			showEnvVarsInLog = 0;
		};
		D6714B14314313F8C8F391BF /* [CP] Embed Pods Frameworks */ = {
			isa = PBXShellScriptBuildPhase;
			buildActionMask = 2147483647;
			files = (
			);
			inputPaths = (
			);
			name = "[CP] Embed Pods Frameworks";
			outputPaths = (
			);
			runOnlyForDeploymentPostprocessing = 0;
			shellPath = /bin/sh;
			shellScript = "\"${SRCROOT}/Pods/Target Support Files/Pods-InstagramTests/Pods-InstagramTests-frameworks.sh\"\n";
			showEnvVarsInLog = 0;
		};
		ED282849B8FF2847E61900B3 /* [CP] Copy Pods Resources */ = {
			isa = PBXShellScriptBuildPhase;
			buildActionMask = 2147483647;
			files = (
			);
			inputPaths = (
			);
			name = "[CP] Copy Pods Resources";
			outputPaths = (
			);
			runOnlyForDeploymentPostprocessing = 0;
			shellPath = /bin/sh;
			shellScript = "\"${SRCROOT}/Pods/Target Support Files/Pods-Instagram/Pods-Instagram-resources.sh\"\n";
			showEnvVarsInLog = 0;
		};
/* End PBXShellScriptBuildPhase section */

/* Begin PBXSourcesBuildPhase section */
		48920B1D1FA299D40097986C /* Sources */ = {
			isa = PBXSourcesBuildPhase;
			buildActionMask = 2147483647;
			files = (
				48920B271FA299D40097986C /* SignupController.swift in Sources */,
				482340EF1FBA6C7100C2B333 /* ImageSelectionController.swift in Sources */,
				48920B2D1FA299D40097986C /* Instagram.xcdatamodeld in Sources */,
				48FDC1F71FDA006A0089AF91 /* ImageCaptionController.swift in Sources */,
				8C6C03691FD8556D000085AD /* ImageSelectorViewController.swift in Sources */,
				483DA76F1FB1119300702266 /* MainTabController.swift in Sources */,
				482340ED1FBA55E700C2B333 /* MainMenuNavigationController.swift in Sources */,
				4862983A1FB7B042005EFF69 /* LoginProtocol.swift in Sources */,
				48F9B4B31FE9C45900E2CD8D /* HomeController.swift in Sources */,
				48AAB3951FB11C1E0072771F /* UserProfileHeader.swift in Sources */,
				482F4E3C1FB6532600D821F5 /* HomeNavigationController.swift in Sources */,
				482F4E3A1FB6521900D821F5 /* UserProfileNavigationController.swift in Sources */,
				482340EB1FBA54BC00C2B333 /* MainMenuNavigationProtocol.swift in Sources */,
				48F9B4AF1FE9C3D100E2CD8D /* ImageSelectionHeader.swift in Sources */,
				48920B251FA299D40097986C /* AppDelegate.swift in Sources */,
				48F9B4B61FE9C7BB00E2CD8D /* PostCell.swift in Sources */,
				48275FB01FD619B300F5CC41 /* UISeparateNavigationController.swift in Sources */,
				8C3699AC1FB20D59005CAA2D /* User.swift in Sources */,
				483DA7711FB1133900702266 /* UserProfileController.swift in Sources */,
				8C7FBBED1FE2DAF600F46439 /* PotsCellCollectionViewCell.swift in Sources */,
				8CBE5F6B1FB4B68400F227A2 /* LoginNavigationController.swift in Sources */,
				486298371FB7AEB4005EFF69 /* LoginView.swift in Sources */,
				482017F11FABCE050080B18B /* Alert.swift in Sources */,
				8C7FBBEB1FE2D7A300F46439 /* Post.swift in Sources */,
				482F4E421FB6541200D821F5 /* FavouritesNavigationController.swift in Sources */,
				48F9B4B01FE9C3D100E2CD8D /* ImageSelectorView.swift in Sources */,
				482F4E401FB653B100D821F5 /* AddPhotosNavigationController.swift in Sources */,
				8C0604091FDEA1D80036E507 /* ImageSelectorProtocol.swift in Sources */,
				48F9B4AE1FE9C3D100E2CD8D /* ImageSelectionCell.swift in Sources */,
				48272D3C1FA7EFD700E45E44 /* Extension.swift in Sources */,
				482F4E3E1FB6537B00D821F5 /* SearchNavigationController.swift in Sources */,
				8CBE5F691FB46B4C00F227A2 /* LoginController.swift in Sources */,
			);
			runOnlyForDeploymentPostprocessing = 0;
		};
		48920B341FA299D40097986C /* Sources */ = {
			isa = PBXSourcesBuildPhase;
			buildActionMask = 2147483647;
			files = (
				48920B3D1FA299D40097986C /* InstagramTests.swift in Sources */,
			);
			runOnlyForDeploymentPostprocessing = 0;
		};
		48920B3F1FA299D40097986C /* Sources */ = {
			isa = PBXSourcesBuildPhase;
			buildActionMask = 2147483647;
			files = (
				48920B481FA299D40097986C /* InstagramUITests.swift in Sources */,
			);
			runOnlyForDeploymentPostprocessing = 0;
		};
/* End PBXSourcesBuildPhase section */

/* Begin PBXTargetDependency section */
		48920B3A1FA299D40097986C /* PBXTargetDependency */ = {
			isa = PBXTargetDependency;
			target = 48920B201FA299D40097986C /* Instagram */;
			targetProxy = 48920B391FA299D40097986C /* PBXContainerItemProxy */;
		};
		48920B451FA299D40097986C /* PBXTargetDependency */ = {
			isa = PBXTargetDependency;
			target = 48920B201FA299D40097986C /* Instagram */;
			targetProxy = 48920B441FA299D40097986C /* PBXContainerItemProxy */;
		};
/* End PBXTargetDependency section */

/* Begin PBXVariantGroup section */
		48920B281FA299D40097986C /* Main.storyboard */ = {
			isa = PBXVariantGroup;
			children = (
				48920B291FA299D40097986C /* Base */,
			);
			name = Main.storyboard;
			sourceTree = "<group>";
		};
		48920B301FA299D40097986C /* LaunchScreen.storyboard */ = {
			isa = PBXVariantGroup;
			children = (
				48920B311FA299D40097986C /* Base */,
				48EAAFCB203F837D00C71496 /* pt-BR */,
			);
			name = LaunchScreen.storyboard;
			sourceTree = "<group>";
		};
		48EAAFD0203F850F00C71496 /* Localizable.strings */ = {
			isa = PBXVariantGroup;
			children = (
				48EAAFCF203F850F00C71496 /* en */,
				48EAAFD1203F851200C71496 /* pt-BR */,
			);
			name = Localizable.strings;
			sourceTree = "<group>";
		};
/* End PBXVariantGroup section */

/* Begin XCBuildConfiguration section */
		48920B4A1FA299D40097986C /* Debug */ = {
			isa = XCBuildConfiguration;
			buildSettings = {
				ALWAYS_SEARCH_USER_PATHS = NO;
				CLANG_ANALYZER_LOCALIZABILITY_NONLOCALIZED = YES;
				CLANG_ANALYZER_NONNULL = YES;
				CLANG_ANALYZER_NUMBER_OBJECT_CONVERSION = YES_AGGRESSIVE;
				CLANG_CXX_LANGUAGE_STANDARD = "gnu++14";
				CLANG_CXX_LIBRARY = "libc++";
				CLANG_ENABLE_MODULES = YES;
				CLANG_ENABLE_OBJC_ARC = YES;
				CLANG_WARN_BLOCK_CAPTURE_AUTORELEASING = YES;
				CLANG_WARN_BOOL_CONVERSION = YES;
				CLANG_WARN_COMMA = YES;
				CLANG_WARN_CONSTANT_CONVERSION = YES;
				CLANG_WARN_DIRECT_OBJC_ISA_USAGE = YES_ERROR;
				CLANG_WARN_DOCUMENTATION_COMMENTS = YES;
				CLANG_WARN_EMPTY_BODY = YES;
				CLANG_WARN_ENUM_CONVERSION = YES;
				CLANG_WARN_INFINITE_RECURSION = YES;
				CLANG_WARN_INT_CONVERSION = YES;
				CLANG_WARN_NON_LITERAL_NULL_CONVERSION = YES;
				CLANG_WARN_OBJC_LITERAL_CONVERSION = YES;
				CLANG_WARN_OBJC_ROOT_CLASS = YES_ERROR;
				CLANG_WARN_RANGE_LOOP_ANALYSIS = YES;
				CLANG_WARN_STRICT_PROTOTYPES = YES;
				CLANG_WARN_SUSPICIOUS_MOVE = YES;
				CLANG_WARN_UNGUARDED_AVAILABILITY = YES_AGGRESSIVE;
				CLANG_WARN_UNREACHABLE_CODE = YES;
				CLANG_WARN__DUPLICATE_METHOD_MATCH = YES;
				CODE_SIGN_IDENTITY = "iPhone Developer";
				COPY_PHASE_STRIP = NO;
				DEBUG_INFORMATION_FORMAT = dwarf;
				ENABLE_STRICT_OBJC_MSGSEND = YES;
				ENABLE_TESTABILITY = YES;
				GCC_C_LANGUAGE_STANDARD = gnu11;
				GCC_DYNAMIC_NO_PIC = NO;
				GCC_NO_COMMON_BLOCKS = YES;
				GCC_OPTIMIZATION_LEVEL = 0;
				GCC_PREPROCESSOR_DEFINITIONS = (
					"DEBUG=1",
					"$(inherited)",
				);
				GCC_WARN_64_TO_32_BIT_CONVERSION = YES;
				GCC_WARN_ABOUT_RETURN_TYPE = YES_ERROR;
				GCC_WARN_UNDECLARED_SELECTOR = YES;
				GCC_WARN_UNINITIALIZED_AUTOS = YES_AGGRESSIVE;
				GCC_WARN_UNUSED_FUNCTION = YES;
				GCC_WARN_UNUSED_VARIABLE = YES;
				IPHONEOS_DEPLOYMENT_TARGET = 11.0;
				MTL_ENABLE_DEBUG_INFO = YES;
				ONLY_ACTIVE_ARCH = YES;
				SDKROOT = iphoneos;
				SWIFT_ACTIVE_COMPILATION_CONDITIONS = DEBUG;
				SWIFT_OPTIMIZATION_LEVEL = "-Onone";
			};
			name = Debug;
		};
		48920B4B1FA299D40097986C /* Release */ = {
			isa = XCBuildConfiguration;
			buildSettings = {
				ALWAYS_SEARCH_USER_PATHS = NO;
				CLANG_ANALYZER_LOCALIZABILITY_NONLOCALIZED = YES;
				CLANG_ANALYZER_NONNULL = YES;
				CLANG_ANALYZER_NUMBER_OBJECT_CONVERSION = YES_AGGRESSIVE;
				CLANG_CXX_LANGUAGE_STANDARD = "gnu++14";
				CLANG_CXX_LIBRARY = "libc++";
				CLANG_ENABLE_MODULES = YES;
				CLANG_ENABLE_OBJC_ARC = YES;
				CLANG_WARN_BLOCK_CAPTURE_AUTORELEASING = YES;
				CLANG_WARN_BOOL_CONVERSION = YES;
				CLANG_WARN_COMMA = YES;
				CLANG_WARN_CONSTANT_CONVERSION = YES;
				CLANG_WARN_DIRECT_OBJC_ISA_USAGE = YES_ERROR;
				CLANG_WARN_DOCUMENTATION_COMMENTS = YES;
				CLANG_WARN_EMPTY_BODY = YES;
				CLANG_WARN_ENUM_CONVERSION = YES;
				CLANG_WARN_INFINITE_RECURSION = YES;
				CLANG_WARN_INT_CONVERSION = YES;
				CLANG_WARN_NON_LITERAL_NULL_CONVERSION = YES;
				CLANG_WARN_OBJC_LITERAL_CONVERSION = YES;
				CLANG_WARN_OBJC_ROOT_CLASS = YES_ERROR;
				CLANG_WARN_RANGE_LOOP_ANALYSIS = YES;
				CLANG_WARN_STRICT_PROTOTYPES = YES;
				CLANG_WARN_SUSPICIOUS_MOVE = YES;
				CLANG_WARN_UNGUARDED_AVAILABILITY = YES_AGGRESSIVE;
				CLANG_WARN_UNREACHABLE_CODE = YES;
				CLANG_WARN__DUPLICATE_METHOD_MATCH = YES;
				CODE_SIGN_IDENTITY = "iPhone Developer";
				COPY_PHASE_STRIP = NO;
				DEBUG_INFORMATION_FORMAT = "dwarf-with-dsym";
				ENABLE_NS_ASSERTIONS = NO;
				ENABLE_STRICT_OBJC_MSGSEND = YES;
				GCC_C_LANGUAGE_STANDARD = gnu11;
				GCC_NO_COMMON_BLOCKS = YES;
				GCC_WARN_64_TO_32_BIT_CONVERSION = YES;
				GCC_WARN_ABOUT_RETURN_TYPE = YES_ERROR;
				GCC_WARN_UNDECLARED_SELECTOR = YES;
				GCC_WARN_UNINITIALIZED_AUTOS = YES_AGGRESSIVE;
				GCC_WARN_UNUSED_FUNCTION = YES;
				GCC_WARN_UNUSED_VARIABLE = YES;
				IPHONEOS_DEPLOYMENT_TARGET = 11.0;
				MTL_ENABLE_DEBUG_INFO = NO;
				SDKROOT = iphoneos;
				SWIFT_OPTIMIZATION_LEVEL = "-Owholemodule";
				VALIDATE_PRODUCT = YES;
			};
			name = Release;
		};
		48920B4D1FA299D40097986C /* Debug */ = {
			isa = XCBuildConfiguration;
			baseConfigurationReference = 9EE753E6DE72200C78035040 /* Pods-Instagram.debug.xcconfig */;
			buildSettings = {
				ASSETCATALOG_COMPILER_APPICON_NAME = AppIcon;
				CODE_SIGN_STYLE = Automatic;
				DEVELOPMENT_TEAM = 27E9959VWR;
				INFOPLIST_FILE = Instagram/Info.plist;
				LD_RUNPATH_SEARCH_PATHS = "$(inherited) @executable_path/Frameworks";
				PRODUCT_BUNDLE_IDENTIFIER = com.tgzoom.Instagram;
				PRODUCT_NAME = "$(TARGET_NAME)";
				SWIFT_VERSION = 4.0;
				TARGETED_DEVICE_FAMILY = "1,2";
			};
			name = Debug;
		};
		48920B4E1FA299D40097986C /* Release */ = {
			isa = XCBuildConfiguration;
			baseConfigurationReference = 1982BF86F4641A74D31C6B53 /* Pods-Instagram.release.xcconfig */;
			buildSettings = {
				ASSETCATALOG_COMPILER_APPICON_NAME = AppIcon;
				CODE_SIGN_STYLE = Automatic;
				DEVELOPMENT_TEAM = 27E9959VWR;
				INFOPLIST_FILE = Instagram/Info.plist;
				LD_RUNPATH_SEARCH_PATHS = "$(inherited) @executable_path/Frameworks";
				PRODUCT_BUNDLE_IDENTIFIER = com.tgzoom.Instagram;
				PRODUCT_NAME = "$(TARGET_NAME)";
				SWIFT_VERSION = 4.0;
				TARGETED_DEVICE_FAMILY = "1,2";
			};
			name = Release;
		};
		48920B501FA299D40097986C /* Debug */ = {
			isa = XCBuildConfiguration;
			baseConfigurationReference = D70F73D152F235B73FE56BA0 /* Pods-InstagramTests.debug.xcconfig */;
			buildSettings = {
				ALWAYS_EMBED_SWIFT_STANDARD_LIBRARIES = YES;
				BUNDLE_LOADER = "$(TEST_HOST)";
				CODE_SIGN_STYLE = Automatic;
				DEVELOPMENT_TEAM = Q574737C9B;
				INFOPLIST_FILE = InstagramTests/Info.plist;
				LD_RUNPATH_SEARCH_PATHS = "$(inherited) @executable_path/Frameworks @loader_path/Frameworks";
				PRODUCT_BUNDLE_IDENTIFIER = com.tgzoom.programs.InstagramTests;
				PRODUCT_NAME = "$(TARGET_NAME)";
				SWIFT_VERSION = 4.0;
				TARGETED_DEVICE_FAMILY = "1,2";
				TEST_HOST = "$(BUILT_PRODUCTS_DIR)/Instagram.app/Instagram";
			};
			name = Debug;
		};
		48920B511FA299D40097986C /* Release */ = {
			isa = XCBuildConfiguration;
			baseConfigurationReference = B800594F1F3B05E2F160D273 /* Pods-InstagramTests.release.xcconfig */;
			buildSettings = {
				ALWAYS_EMBED_SWIFT_STANDARD_LIBRARIES = YES;
				BUNDLE_LOADER = "$(TEST_HOST)";
				CODE_SIGN_STYLE = Automatic;
				DEVELOPMENT_TEAM = Q574737C9B;
				INFOPLIST_FILE = InstagramTests/Info.plist;
				LD_RUNPATH_SEARCH_PATHS = "$(inherited) @executable_path/Frameworks @loader_path/Frameworks";
				PRODUCT_BUNDLE_IDENTIFIER = com.tgzoom.programs.InstagramTests;
				PRODUCT_NAME = "$(TARGET_NAME)";
				SWIFT_VERSION = 4.0;
				TARGETED_DEVICE_FAMILY = "1,2";
				TEST_HOST = "$(BUILT_PRODUCTS_DIR)/Instagram.app/Instagram";
			};
			name = Release;
		};
		48920B531FA299D40097986C /* Debug */ = {
			isa = XCBuildConfiguration;
			baseConfigurationReference = 6660DEC7FCCF6CA0A46FA358 /* Pods-InstagramUITests.debug.xcconfig */;
			buildSettings = {
				ALWAYS_EMBED_SWIFT_STANDARD_LIBRARIES = YES;
				CODE_SIGN_STYLE = Automatic;
				DEVELOPMENT_TEAM = Q574737C9B;
				INFOPLIST_FILE = InstagramUITests/Info.plist;
				LD_RUNPATH_SEARCH_PATHS = "$(inherited) @executable_path/Frameworks @loader_path/Frameworks";
				PRODUCT_BUNDLE_IDENTIFIER = com.tgzoom.programs.InstagramUITests;
				PRODUCT_NAME = "$(TARGET_NAME)";
				SWIFT_VERSION = 4.0;
				TARGETED_DEVICE_FAMILY = "1,2";
				TEST_TARGET_NAME = Instagram;
			};
			name = Debug;
		};
		48920B541FA299D40097986C /* Release */ = {
			isa = XCBuildConfiguration;
			baseConfigurationReference = BD017BF39F65F3B91C3697FD /* Pods-InstagramUITests.release.xcconfig */;
			buildSettings = {
				ALWAYS_EMBED_SWIFT_STANDARD_LIBRARIES = YES;
				CODE_SIGN_STYLE = Automatic;
				DEVELOPMENT_TEAM = Q574737C9B;
				INFOPLIST_FILE = InstagramUITests/Info.plist;
				LD_RUNPATH_SEARCH_PATHS = "$(inherited) @executable_path/Frameworks @loader_path/Frameworks";
				PRODUCT_BUNDLE_IDENTIFIER = com.tgzoom.programs.InstagramUITests;
				PRODUCT_NAME = "$(TARGET_NAME)";
				SWIFT_VERSION = 4.0;
				TARGETED_DEVICE_FAMILY = "1,2";
				TEST_TARGET_NAME = Instagram;
			};
			name = Release;
		};
/* End XCBuildConfiguration section */

/* Begin XCConfigurationList section */
		48920B1C1FA299D40097986C /* Build configuration list for PBXProject "Instagram" */ = {
			isa = XCConfigurationList;
			buildConfigurations = (
				48920B4A1FA299D40097986C /* Debug */,
				48920B4B1FA299D40097986C /* Release */,
			);
			defaultConfigurationIsVisible = 0;
			defaultConfigurationName = Release;
		};
		48920B4C1FA299D40097986C /* Build configuration list for PBXNativeTarget "Instagram" */ = {
			isa = XCConfigurationList;
			buildConfigurations = (
				48920B4D1FA299D40097986C /* Debug */,
				48920B4E1FA299D40097986C /* Release */,
			);
			defaultConfigurationIsVisible = 0;
			defaultConfigurationName = Release;
		};
		48920B4F1FA299D40097986C /* Build configuration list for PBXNativeTarget "InstagramTests" */ = {
			isa = XCConfigurationList;
			buildConfigurations = (
				48920B501FA299D40097986C /* Debug */,
				48920B511FA299D40097986C /* Release */,
			);
			defaultConfigurationIsVisible = 0;
			defaultConfigurationName = Release;
		};
		48920B521FA299D40097986C /* Build configuration list for PBXNativeTarget "InstagramUITests" */ = {
			isa = XCConfigurationList;
			buildConfigurations = (
				48920B531FA299D40097986C /* Debug */,
				48920B541FA299D40097986C /* Release */,
			);
			defaultConfigurationIsVisible = 0;
			defaultConfigurationName = Release;
		};
/* End XCConfigurationList section */

/* Begin XCVersionGroup section */
		48920B2B1FA299D40097986C /* Instagram.xcdatamodeld */ = {
			isa = XCVersionGroup;
			children = (
				48920B2C1FA299D40097986C /* Instagram.xcdatamodel */,
			);
			currentVersion = 48920B2C1FA299D40097986C /* Instagram.xcdatamodel */;
			path = Instagram.xcdatamodeld;
			sourceTree = "<group>";
			versionGroupType = wrapper.xcdatamodel;
		};
/* End XCVersionGroup section */
	};
	rootObject = 48920B191FA299D40097986C /* Project object */;
}
